
Microsoft Visual Studio Solution File, Format Version 12.00
# Visual Studio Version 16
VisualStudioVersion = 25.0.1703.1
MinimumVisualStudioVersion = 10.0.40219.1
Project("{FAE04EC0-301F-11D3-BF4B-00C04F79EFBC}") = "miniCA", "miniCA\miniCA.csproj", "{A22FA7E4-A849-48E4-81A0-90B7039638B3}"
EndProject
Global
	GlobalSection(SolutionConfigurationPlatforms) = preSolution
		Debug|Any CPU = Debug|Any CPU
		Release|Any CPU = Release|Any CPU
	EndGlobalSection
	GlobalSection(ProjectConfigurationPlatforms) = postSolution
		{A22FA7E4-A849-48E4-81A0-90B7039638B3}.Debug|Any CPU.ActiveCfg = Debug|Any CPU
		{A22FA7E4-A849-48E4-81A0-90B7039638B3}.Debug|Any CPU.Build.0 = Debug|Any CPU
		{A22FA7E4-A849-48E4-81A0-90B7039638B3}.Release|Any CPU.ActiveCfg = Release|Any CPU
		{A22FA7E4-A849-48E4-81A0-90B7039638B3}.Release|Any CPU.Build.0 = Release|Any CPU
	EndGlobalSection
	GlobalSection(SolutionProperties) = preSolution
		HideSolutionNode = FALSE
	EndGlobalSection
	GlobalSection(ExtensibilityGlobals) = postSolution
		SolutionGuid = {7A26ACED-F93B-4A6E-9E7F-66416D330390}
	EndGlobalSection
EndGlobal
