
Microsoft Visual Studio Solution File, Format Version 12.00
# Visual Studio Version 16
VisualStudioVersion = 25.0.1703.4
MinimumVisualStudioVersion = 10.0.40219.1
Project("{FAE04EC0-301F-11D3-BF4B-00C04F79EFBC}") = "Count_Word_Dict", "Count_Word_Dict\Count_Word_Dict.csproj", "{F73F452D-C967-48EE-AAA6-3F5CD588E115}"
EndProject
Global
	GlobalSection(SolutionConfigurationPlatforms) = preSolution
		Debug|Any CPU = Debug|Any CPU
		Release|Any CPU = Release|Any CPU
	EndGlobalSection
	GlobalSection(ProjectConfigurationPlatforms) = postSolution
		{F73F452D-C967-48EE-AAA6-3F5CD588E115}.Debug|Any CPU.ActiveCfg = Debug|Any CPU
		{F73F452D-C967-48EE-AAA6-3F5CD588E115}.Debug|Any CPU.Build.0 = Debug|Any CPU
		{F73F452D-C967-48EE-AAA6-3F5CD588E115}.Release|Any CPU.ActiveCfg = Release|Any CPU
		{F73F452D-C967-48EE-AAA6-3F5CD588E115}.Release|Any CPU.Build.0 = Release|Any CPU
	EndGlobalSection
	GlobalSection(SolutionProperties) = preSolution
		HideSolutionNode = FALSE
	EndGlobalSection
	GlobalSection(ExtensibilityGlobals) = postSolution
		SolutionGuid = {AAAC670B-5B0B-494F-B470-CC7A63BECA9B}
	EndGlobalSection
EndGlobal
